
Microsoft Visual Studio Solution File, Format Version 12.00
# Visual Studio Express 14 for Windows Desktop
VisualStudioVersion = 14.0.25420.1
MinimumVisualStudioVersion = 10.0.40219.1
Project("{FAE04EC0-301F-11D3-BF4B-00C04F79EFBC}") = "fscan", "fscan\fscan.csproj", "{68DDE773-3D88-4465-9801-A3695E4BE64D}"
EndProject
Global
	GlobalSection(SolutionConfigurationPlatforms) = preSolution
		Debug|Any CPU = Debug|Any CPU
		Release|Any CPU = Release|Any CPU
	EndGlobalSection
	GlobalSection(ProjectConfigurationPlatforms) = postSolution
		{68DDE773-3D88-4465-9801-A3695E4BE64D}.Debug|Any CPU.ActiveCfg = Debug|Any CPU
		{68DDE773-3D88-4465-9801-A3695E4BE64D}.Debug|Any CPU.Build.0 = Debug|Any CPU
		{68DDE773-3D88-4465-9801-A3695E4BE64D}.Release|Any CPU.ActiveCfg = Release|Any CPU
		{68DDE773-3D88-4465-9801-A3695E4BE64D}.Release|Any CPU.Build.0 = Release|Any CPU
	EndGlobalSection
	GlobalSection(SolutionProperties) = preSolution
		HideSolutionNode = FALSE
	EndGlobalSection
EndGlobal
